{
  "originHash" : "fe10aafbaf409842f476e8822e8d586ae13fa97ca251345350315549123c6d78",
  "pins" : [
    {
      "identity" : "onesignal-xcframework",
      "kind" : "remoteSourceControl",
      "location" : "https://github.com/OneSignal/OneSignal-XCFramework",
      "state" : {
        "revision" : "befe5b59232a6d8752ad3ae49bd2f86474dff932",
        "version" : "5.5.6"
      }
    }
  ],
  "version" : 3
}
